
Microsoft Visual Studio Solution File, Format Version 12.00
# Visual Studio Version 16
VisualStudioVersion = 16.0.30907.101
MinimumVisualStudioVersion = 10.0.40219.1
Project("{FAE04EC0-301F-11D3-BF4B-00C04F79EFBC}") = "ROOT", "ROOT.csproj", "{276A1423-8236-4317-AC4D-78FDA655360E}"
EndProject
Global
	GlobalSection(SolutionConfigurationPlatforms) = preSolution
		Debug|Any CPU = Debug|Any CPU
		Release|Any CPU = Release|Any CPU
	EndGlobalSection
	GlobalSection(ProjectConfigurationPlatforms) = postSolution
		{276A1423-8236-4317-AC4D-78FDA655360E}.Debug|Any CPU.ActiveCfg = Debug|Any CPU
		{276A1423-8236-4317-AC4D-78FDA655360E}.Debug|Any CPU.Build.0 = Debug|Any CPU
		{276A1423-8236-4317-AC4D-78FDA655360E}.Release|Any CPU.ActiveCfg = Release|Any CPU
		{276A1423-8236-4317-AC4D-78FDA655360E}.Release|Any CPU.Build.0 = Release|Any CPU
	EndGlobalSection
	GlobalSection(SolutionProperties) = preSolution
		HideSolutionNode = FALSE
	EndGlobalSection
	GlobalSection(ExtensibilityGlobals) = postSolution
		SolutionGuid = {8AABF159-8DBE-4089-B67F-1C2461809FEC}
	EndGlobalSection
EndGlobal
